{
  "version": 4,
  "terraform_version": "1.14.6",
  "serial": 3,
  "lineage": "60152272-aa6d-ee98-7c21-f422d8d0d9d6",
  "outputs": {},
  "resources": [
    {
      "mode": "managed",
      "type": "local_file",
      "name": "backup_note",
      "provider": "provider[\"registry.terraform.io/hashicorp/local\"]",
      "instances": [
        {
          "schema_version": 0,
          "attributes": {
            "content": "This is a backup of: Welcome Manos to the AI Engineering Team! Project: FastAPI + React + Angular",
            "content_base64": null,
            "content_base64sha256": "Zj4rMe4syaqB3inJWbPEHEOiem+cRMnQ/TOOI/gXlUo=",
            "content_base64sha512": "uIHuwvzdN5ckia4YUVfYE8PfGcC84HB1xf9f1QzwN5bLVdkscoqIzBoW6G/2tX+hZ8MYEfKSUICknd4i6DTc5A==",
            "content_md5": "6bc3899bec97f1dd57d345f888a43b38",
            "content_sha1": "3caede0ff9e0505bdb1da8cd9b9f835db93bd9ff",
            "content_sha256": "663e2b31ee2cc9aa81de29c959b3c41c43a27a6f9c44c9d0fd338e23f817954a",
            "content_sha512": "b881eec2fcdd37972489ae185157d813c3df19c0bce07075c5ff5fd50cf03796cb55d92c728a88cc1a16e86ff6b57fa167c31811f2925080a49dde22e834dce4",
            "directory_permission": "0777",
            "file_permission": "0777",
            "filename": "./backup.txt",
            "id": "3caede0ff9e0505bdb1da8cd9b9f835db93bd9ff",
            "sensitive_content": null,
            "source": null
          },
          "sensitive_attributes": [
            [
              {
                "type": "get_attr",
                "value": "sensitive_content"
              }
            ]
          ],
          "identity_schema_version": 0,
          "dependencies": [
            "local_file.capco_note"
          ]
        }
      ]
    },
    {
      "mode": "managed",
      "type": "local_file",
      "name": "capco_note",
      "provider": "provider[\"registry.terraform.io/hashicorp/local\"]",
      "instances": [
        {
          "schema_version": 0,
          "attributes": {
            "content": "Welcome Manos to the AI Engineering Team! Project: FastAPI + React + Angular",
            "content_base64": null,
            "content_base64sha256": "ykthClxY3qcfChb3RxXhuVwvzW72UTk2IT00irajN8U=",
            "content_base64sha512": "q/SGR21SdsvE3mvXMLngK3+RI2VUmWwECC6wwBm1PhpRn8E7ZaHEM7xL+AStGT2+xAYdFjMKhPbpt3GBEFUQJg==",
            "content_md5": "f6608b509591a9139e4e5e69a79b5906",
            "content_sha1": "be077ef7993c29a94d5c49d5f108f25f0ac6a3e2",
            "content_sha256": "ca4b610a5c58dea71f0a16f74715e1b95c2fcd6ef6513936213d348ab6a337c5",
            "content_sha512": "abf486476d5276cbc4de6bd730b9e02b7f91236554996c04082eb0c019b53e1a519fc13b65a1c433bc4bf804ad193dbec4061d16330a84f6e9b7718110551026",
            "directory_permission": "0777",
            "file_permission": "0777",
            "filename": "./capco_onboarding.txt",
            "id": "be077ef7993c29a94d5c49d5f108f25f0ac6a3e2",
            "sensitive_content": null,
            "source": null
          },
          "sensitive_attributes": [
            [
              {
                "type": "get_attr",
                "value": "sensitive_content"
              }
            ]
          ],
          "identity_schema_version": 0
        }
      ]
    }
  ],
  "check_results": null
}
